
Microsoft Visual Studio Solution File, Format Version 12.00
# Visual Studio Version 17
VisualStudioVersion = 17.3.32901.215
MinimumVisualStudioVersion = 10.0.40219.1
Project("{FAE04EC0-301F-11D3-BF4B-00C04F79EFBC}") = "CourseProject", "CourseProject\CourseProject.csproj", "{A3A67CE4-FE46-48C4-BC34-6E0DC14EF58A}"
EndProject
Project("{FAE04EC0-301F-11D3-BF4B-00C04F79EFBC}") = "CourseProject.Data", "CourseProject.Data\CourseProject.Data.csproj", "{A1148AE3-44EE-406A-A652-35F38AB12AA3}"
EndProject
Project("{FAE04EC0-301F-11D3-BF4B-00C04F79EFBC}") = "CourseProject.Service", "CourseProject.Service\CourseProject.Service.csproj", "{0AA2D3ED-08CE-43CA-A6EB-2F3C1292FCC4}"
EndProject
Global
	GlobalSection(SolutionConfigurationPlatforms) = preSolution
		Debug|Any CPU = Debug|Any CPU
		Release|Any CPU = Release|Any CPU
	EndGlobalSection
	GlobalSection(ProjectConfigurationPlatforms) = postSolution
		{A3A67CE4-FE46-48C4-BC34-6E0DC14EF58A}.Debug|Any CPU.ActiveCfg = Debug|Any CPU
		{A3A67CE4-FE46-48C4-BC34-6E0DC14EF58A}.Debug|Any CPU.Build.0 = Debug|Any CPU
		{A3A67CE4-FE46-48C4-BC34-6E0DC14EF58A}.Release|Any CPU.ActiveCfg = Release|Any CPU
		{A3A67CE4-FE46-48C4-BC34-6E0DC14EF58A}.Release|Any CPU.Build.0 = Release|Any CPU
		{A1148AE3-44EE-406A-A652-35F38AB12AA3}.Debug|Any CPU.ActiveCfg = Debug|Any CPU
		{A1148AE3-44EE-406A-A652-35F38AB12AA3}.Debug|Any CPU.Build.0 = Debug|Any CPU
		{A1148AE3-44EE-406A-A652-35F38AB12AA3}.Release|Any CPU.ActiveCfg = Release|Any CPU
		{A1148AE3-44EE-406A-A652-35F38AB12AA3}.Release|Any CPU.Build.0 = Release|Any CPU
		{0AA2D3ED-08CE-43CA-A6EB-2F3C1292FCC4}.Debug|Any CPU.ActiveCfg = Debug|Any CPU
		{0AA2D3ED-08CE-43CA-A6EB-2F3C1292FCC4}.Debug|Any CPU.Build.0 = Debug|Any CPU
		{0AA2D3ED-08CE-43CA-A6EB-2F3C1292FCC4}.Release|Any CPU.ActiveCfg = Release|Any CPU
		{0AA2D3ED-08CE-43CA-A6EB-2F3C1292FCC4}.Release|Any CPU.Build.0 = Release|Any CPU
	EndGlobalSection
	GlobalSection(SolutionProperties) = preSolution
		HideSolutionNode = FALSE
	EndGlobalSection
	GlobalSection(ExtensibilityGlobals) = postSolution
		SolutionGuid = {AF058D2F-116E-42D1-90A6-725D823975B9}
	EndGlobalSection
EndGlobal
